
Microsoft Visual Studio Solution File, Format Version 12.00
# Visual Studio Version 17
VisualStudioVersion = 17.6.33801.468
MinimumVisualStudioVersion = 10.0.40219.1
Project("{FAE04EC0-301F-11D3-BF4B-00C04F79EFBC}") = "Tank.AdminTool", "Tank.AdminTool\Tank.AdminTool.csproj", "{2B6DA113-73AC-414D-B713-7A116DF6624D}"
EndProject
Global
	GlobalSection(SolutionConfigurationPlatforms) = preSolution
		Debug|Any CPU = Debug|Any CPU
		Release|Any CPU = Release|Any CPU
	EndGlobalSection
	GlobalSection(ProjectConfigurationPlatforms) = postSolution
		{2B6DA113-73AC-414D-B713-7A116DF6624D}.Debug|Any CPU.ActiveCfg = Debug|Any CPU
		{2B6DA113-73AC-414D-B713-7A116DF6624D}.Debug|Any CPU.Build.0 = Debug|Any CPU
		{2B6DA113-73AC-414D-B713-7A116DF6624D}.Release|Any CPU.ActiveCfg = Release|Any CPU
		{2B6DA113-73AC-414D-B713-7A116DF6624D}.Release|Any CPU.Build.0 = Release|Any CPU
	EndGlobalSection
	GlobalSection(SolutionProperties) = preSolution
		HideSolutionNode = FALSE
	EndGlobalSection
	GlobalSection(ExtensibilityGlobals) = postSolution
		SolutionGuid = {5745DB6F-0F94-4E0D-89AF-529D58A0E413}
	EndGlobalSection
EndGlobal
